// !$*UTF8*$!
{
	archiveVersion = 1;
	classes = {
	};
	objectVersion = 46;
	objects = {

/* Begin PBXBuildFile section */
		E6E3B6F71BA5E3A2007E1016 /* main.m in Sources */ = {isa = PBXBuildFile; fileRef = E6E3B6F61BA5E3A2007E1016 /* main.m */; };
		E6E3B6FF1BA5E4A5007E1016 /* NSString+dldistForString.m in Sources */ = {isa = PBXBuildFile; fileRef = E6E3B6FE1BA5E4A5007E1016 /* NSString+dldistForString.m */; };
		E6E3B7091BA5E728007E1016 /* dldistTests.m in Sources */ = {isa = PBXBuildFile; fileRef = E6E3B7081BA5E728007E1016 /* dldistTests.m */; };
		E6E3B70E1BA5EAA9007E1016 /* NSString+dldistForString.m in Sources */ = {isa = PBXBuildFile; fileRef = E6E3B6FE1BA5E4A5007E1016 /* NSString+dldistForString.m */; };
/* End PBXBuildFile section */

/* Begin PBXCopyFilesBuildPhase section */
		E6E3B6F11BA5E3A2007E1016 /* CopyFiles */ = {
			isa = PBXCopyFilesBuildPhase;
			buildActionMask = 2147483647;
			dstPath = /usr/share/man/man1/;
			dstSubfolderSpec = 0;
			files = (
			);
			runOnlyForDeploymentPostprocessing = 1;
		};
/* End PBXCopyFilesBuildPhase section */

/* Begin PBXFileReference section */
		E6E3B6F31BA5E3A2007E1016 /* dldist */ = {isa = PBXFileReference; explicitFileType = "compiled.mach-o.executable"; includeInIndex = 0; path = dldist; sourceTree = BUILT_PRODUCTS_DIR; };
		E6E3B6F61BA5E3A2007E1016 /* main.m */ = {isa = PBXFileReference; lastKnownFileType = sourcecode.c.objc; path = main.m; sourceTree = "<group>"; };
		E6E3B6FD1BA5E4A5007E1016 /* NSString+dldistForString.h */ = {isa = PBXFileReference; fileEncoding = 4; lastKnownFileType = sourcecode.c.h; path = "NSString+dldistForString.h"; sourceTree = "<group>"; };
		E6E3B6FE1BA5E4A5007E1016 /* NSString+dldistForString.m */ = {isa = PBXFileReference; fileEncoding = 4; lastKnownFileType = sourcecode.c.objc; path = "NSString+dldistForString.m"; sourceTree = "<group>"; };
		E6E3B7041BA5E728007E1016 /* dldistTests.xctest */ = {isa = PBXFileReference; explicitFileType = wrapper.cfbundle; includeInIndex = 0; path = dldistTests.xctest; sourceTree = BUILT_PRODUCTS_DIR; };
		E6E3B7071BA5E728007E1016 /* Info.plist */ = {isa = PBXFileReference; lastKnownFileType = text.plist.xml; path = Info.plist; sourceTree = "<group>"; };
		E6E3B7081BA5E728007E1016 /* dldistTests.m */ = {isa = PBXFileReference; lastKnownFileType = sourcecode.c.objc; path = dldistTests.m; sourceTree = "<group>"; };
/* End PBXFileReference section */

/* Begin PBXFrameworksBuildPhase section */
		E6E3B6F01BA5E3A2007E1016 /* Frameworks */ = {
			isa = PBXFrameworksBuildPhase;
			buildActionMask = 2147483647;
			files = (
			);
			runOnlyForDeploymentPostprocessing = 0;
		};
		E6E3B7011BA5E728007E1016 /* Frameworks */ = {
			isa = PBXFrameworksBuildPhase;
			buildActionMask = 2147483647;
			files = (
			);
			runOnlyForDeploymentPostprocessing = 0;
		};
/* End PBXFrameworksBuildPhase section */

/* Begin PBXGroup section */
		E6E3B6EA1BA5E3A2007E1016 = {
			isa = PBXGroup;
			children = (
				E6E3B6F51BA5E3A2007E1016 /* dldist */,
				E6E3B7051BA5E728007E1016 /* dldistTests */,
				E6E3B6F41BA5E3A2007E1016 /* Products */,
			);
			sourceTree = "<group>";
		};
		E6E3B6F41BA5E3A2007E1016 /* Products */ = {
			isa = PBXGroup;
			children = (
				E6E3B6F31BA5E3A2007E1016 /* dldist */,
				E6E3B7041BA5E728007E1016 /* dldistTests.xctest */,
			);
			name = Products;
			sourceTree = "<group>";
		};
		E6E3B6F51BA5E3A2007E1016 /* dldist */ = {
			isa = PBXGroup;
			children = (
				E6E3B6F61BA5E3A2007E1016 /* main.m */,
				E6E3B6FD1BA5E4A5007E1016 /* NSString+dldistForString.h */,
				E6E3B6FE1BA5E4A5007E1016 /* NSString+dldistForString.m */,
			);
			path = dldist;
			sourceTree = "<group>";
		};
		E6E3B7051BA5E728007E1016 /* dldistTests */ = {
			isa = PBXGroup;
			children = (
				E6E3B7081BA5E728007E1016 /* dldistTests.m */,
				E6E3B7061BA5E728007E1016 /* Supporting Files */,
			);
			path = dldistTests;
			sourceTree = "<group>";
		};
		E6E3B7061BA5E728007E1016 /* Supporting Files */ = {
			isa = PBXGroup;
			children = (
				E6E3B7071BA5E728007E1016 /* Info.plist */,
			);
			name = "Supporting Files";
			sourceTree = "<group>";
		};
/* End PBXGroup section */

/* Begin PBXNativeTarget section */
		E6E3B6F21BA5E3A2007E1016 /* dldist */ = {
			isa = PBXNativeTarget;
			buildConfigurationList = E6E3B6FA1BA5E3A2007E1016 /* Build configuration list for PBXNativeTarget "dldist" */;
			buildPhases = (
				E6E3B6EF1BA5E3A2007E1016 /* Sources */,
				E6E3B6F01BA5E3A2007E1016 /* Frameworks */,
				E6E3B6F11BA5E3A2007E1016 /* CopyFiles */,
			);
			buildRules = (
			);
			dependencies = (
			);
			name = dldist;
			productName = dldist;
			productReference = E6E3B6F31BA5E3A2007E1016 /* dldist */;
			productType = "com.apple.product-type.tool";
		};
		E6E3B7031BA5E728007E1016 /* dldistTests */ = {
			isa = PBXNativeTarget;
			buildConfigurationList = E6E3B70A1BA5E728007E1016 /* Build configuration list for PBXNativeTarget "dldistTests" */;
			buildPhases = (
				E6E3B7001BA5E728007E1016 /* Sources */,
				E6E3B7011BA5E728007E1016 /* Frameworks */,
				E6E3B7021BA5E728007E1016 /* Resources */,
			);
			buildRules = (
			);
			dependencies = (
			);
			name = dldistTests;
			productName = dldistTests;
			productReference = E6E3B7041BA5E728007E1016 /* dldistTests.xctest */;
			productType = "com.apple.product-type.bundle.unit-test";
		};
/* End PBXNativeTarget section */

/* Begin PBXProject section */
		E6E3B6EB1BA5E3A2007E1016 /* Project object */ = {
			isa = PBXProject;
			attributes = {
				LastUpgradeCheck = 0640;
				ORGANIZATIONNAME = "Ed Gonzalez";
				TargetAttributes = {
					E6E3B6F21BA5E3A2007E1016 = {
						CreatedOnToolsVersion = 6.4;
					};
					E6E3B7031BA5E728007E1016 = {
						CreatedOnToolsVersion = 6.4;
					};
				};
			};
			buildConfigurationList = E6E3B6EE1BA5E3A2007E1016 /* Build configuration list for PBXProject "dldist" */;
			compatibilityVersion = "Xcode 3.2";
			developmentRegion = English;
			hasScannedForEncodings = 0;
			knownRegions = (
				en,
			);
			mainGroup = E6E3B6EA1BA5E3A2007E1016;
			productRefGroup = E6E3B6F41BA5E3A2007E1016 /* Products */;
			projectDirPath = "";
			projectRoot = "";
			targets = (
				E6E3B6F21BA5E3A2007E1016 /* dldist */,
				E6E3B7031BA5E728007E1016 /* dldistTests */,
			);
		};
/* End PBXProject section */

/* Begin PBXResourcesBuildPhase section */
		E6E3B7021BA5E728007E1016 /* Resources */ = {
			isa = PBXResourcesBuildPhase;
			buildActionMask = 2147483647;
			files = (
			);
			runOnlyForDeploymentPostprocessing = 0;
		};
/* End PBXResourcesBuildPhase section */

/* Begin PBXSourcesBuildPhase section */
		E6E3B6EF1BA5E3A2007E1016 /* Sources */ = {
			isa = PBXSourcesBuildPhase;
			buildActionMask = 2147483647;
			files = (
				E6E3B6FF1BA5E4A5007E1016 /* NSString+dldistForString.m in Sources */,
				E6E3B6F71BA5E3A2007E1016 /* main.m in Sources */,
			);
			runOnlyForDeploymentPostprocessing = 0;
		};
		E6E3B7001BA5E728007E1016 /* Sources */ = {
			isa = PBXSourcesBuildPhase;
			buildActionMask = 2147483647;
			files = (
				E6E3B70E1BA5EAA9007E1016 /* NSString+dldistForString.m in Sources */,
				E6E3B7091BA5E728007E1016 /* dldistTests.m in Sources */,
			);
			runOnlyForDeploymentPostprocessing = 0;
		};
/* End PBXSourcesBuildPhase section */

/* Begin XCBuildConfiguration section */
		E6E3B6F81BA5E3A2007E1016 /* Debug */ = {
			isa = XCBuildConfiguration;
			buildSettings = {
				ALWAYS_SEARCH_USER_PATHS = NO;
				CLANG_CXX_LANGUAGE_STANDARD = "gnu++0x";
				CLANG_CXX_LIBRARY = "libc++";
				CLANG_ENABLE_MODULES = YES;
				CLANG_ENABLE_OBJC_ARC = YES;
				CLANG_WARN_BOOL_CONVERSION = YES;
				CLANG_WARN_CONSTANT_CONVERSION = YES;
				CLANG_WARN_DIRECT_OBJC_ISA_USAGE = YES_ERROR;
				CLANG_WARN_EMPTY_BODY = YES;
				CLANG_WARN_ENUM_CONVERSION = YES;
				CLANG_WARN_INT_CONVERSION = YES;
				CLANG_WARN_OBJC_ROOT_CLASS = YES_ERROR;
				CLANG_WARN_UNREACHABLE_CODE = YES;
				CLANG_WARN__DUPLICATE_METHOD_MATCH = YES;
				COPY_PHASE_STRIP = NO;
				DEBUG_INFORMATION_FORMAT = dwarf;
				ENABLE_STRICT_OBJC_MSGSEND = YES;
				GCC_C_LANGUAGE_STANDARD = gnu99;
				GCC_DYNAMIC_NO_PIC = NO;
				GCC_NO_COMMON_BLOCKS = YES;
				GCC_OPTIMIZATION_LEVEL = 0;
				GCC_PREPROCESSOR_DEFINITIONS = (
					"DEBUG=1",
					"$(inherited)",
				);
				GCC_SYMBOLS_PRIVATE_EXTERN = NO;
				GCC_WARN_64_TO_32_BIT_CONVERSION = YES;
				GCC_WARN_ABOUT_RETURN_TYPE = YES_ERROR;
				GCC_WARN_UNDECLARED_SELECTOR = YES;
				GCC_WARN_UNINITIALIZED_AUTOS = YES_AGGRESSIVE;
				GCC_WARN_UNUSED_FUNCTION = YES;
				GCC_WARN_UNUSED_VARIABLE = YES;
				MACOSX_DEPLOYMENT_TARGET = 10.10;
				MTL_ENABLE_DEBUG_INFO = YES;
				ONLY_ACTIVE_ARCH = YES;
				SDKROOT = macosx;
			};
			name = Debug;
		};
		E6E3B6F91BA5E3A2007E1016 /* Release */ = {
			isa = XCBuildConfiguration;
			buildSettings = {
				ALWAYS_SEARCH_USER_PATHS = NO;
				CLANG_CXX_LANGUAGE_STANDARD = "gnu++0x";
				CLANG_CXX_LIBRARY = "libc++";
				CLANG_ENABLE_MODULES = YES;
				CLANG_ENABLE_OBJC_ARC = YES;
				CLANG_WARN_BOOL_CONVERSION = YES;
				CLANG_WARN_CONSTANT_CONVERSION = YES;
				CLANG_WARN_DIRECT_OBJC_ISA_USAGE = YES_ERROR;
				CLANG_WARN_EMPTY_BODY = YES;
				CLANG_WARN_ENUM_CONVERSION = YES;
				CLANG_WARN_INT_CONVERSION = YES;
				CLANG_WARN_OBJC_ROOT_CLASS = YES_ERROR;
				CLANG_WARN_UNREACHABLE_CODE = YES;
				CLANG_WARN__DUPLICATE_METHOD_MATCH = YES;
				COPY_PHASE_STRIP = NO;
				DEBUG_INFORMATION_FORMAT = "dwarf-with-dsym";
				ENABLE_NS_ASSERTIONS = NO;
				ENABLE_STRICT_OBJC_MSGSEND = YES;
				GCC_C_LANGUAGE_STANDARD = gnu99;
				GCC_NO_COMMON_BLOCKS = YES;
				GCC_WARN_64_TO_32_BIT_CONVERSION = YES;
				GCC_WARN_ABOUT_RETURN_TYPE = YES_ERROR;
				GCC_WARN_UNDECLARED_SELECTOR = YES;
				GCC_WARN_UNINITIALIZED_AUTOS = YES_AGGRESSIVE;
				GCC_WARN_UNUSED_FUNCTION = YES;
				GCC_WARN_UNUSED_VARIABLE = YES;
				MACOSX_DEPLOYMENT_TARGET = 10.10;
				MTL_ENABLE_DEBUG_INFO = NO;
				SDKROOT = macosx;
			};
			name = Release;
		};
		E6E3B6FB1BA5E3A2007E1016 /* Debug */ = {
			isa = XCBuildConfiguration;
			buildSettings = {
				PRODUCT_NAME = "$(TARGET_NAME)";
			};
			name = Debug;
		};
		E6E3B6FC1BA5E3A2007E1016 /* Release */ = {
			isa = XCBuildConfiguration;
			buildSettings = {
				PRODUCT_NAME = "$(TARGET_NAME)";
			};
			name = Release;
		};
		E6E3B70B1BA5E728007E1016 /* Debug */ = {
			isa = XCBuildConfiguration;
			buildSettings = {
				COMBINE_HIDPI_IMAGES = YES;
				FRAMEWORK_SEARCH_PATHS = (
					"$(DEVELOPER_FRAMEWORKS_DIR)",
					"$(inherited)",
				);
				GCC_PREPROCESSOR_DEFINITIONS = (
					"DEBUG=1",
					"$(inherited)",
				);
				INFOPLIST_FILE = dldistTests/Info.plist;
				LD_RUNPATH_SEARCH_PATHS = "$(inherited) @executable_path/../Frameworks @loader_path/../Frameworks";
				PRODUCT_NAME = "$(TARGET_NAME)";
			};
			name = Debug;
		};
		E6E3B70C1BA5E728007E1016 /* Release */ = {
			isa = XCBuildConfiguration;
			buildSettings = {
				COMBINE_HIDPI_IMAGES = YES;
				FRAMEWORK_SEARCH_PATHS = (
					"$(DEVELOPER_FRAMEWORKS_DIR)",
					"$(inherited)",
				);
				INFOPLIST_FILE = dldistTests/Info.plist;
				LD_RUNPATH_SEARCH_PATHS = "$(inherited) @executable_path/../Frameworks @loader_path/../Frameworks";
				PRODUCT_NAME = "$(TARGET_NAME)";
			};
			name = Release;
		};
/* End XCBuildConfiguration section */

/* Begin XCConfigurationList section */
		E6E3B6EE1BA5E3A2007E1016 /* Build configuration list for PBXProject "dldist" */ = {
			isa = XCConfigurationList;
			buildConfigurations = (
				E6E3B6F81BA5E3A2007E1016 /* Debug */,
				E6E3B6F91BA5E3A2007E1016 /* Release */,
			);
			defaultConfigurationIsVisible = 0;
			defaultConfigurationName = Release;
		};
		E6E3B6FA1BA5E3A2007E1016 /* Build configuration list for PBXNativeTarget "dldist" */ = {
			isa = XCConfigurationList;
			buildConfigurations = (
				E6E3B6FB1BA5E3A2007E1016 /* Debug */,
				E6E3B6FC1BA5E3A2007E1016 /* Release */,
			);
			defaultConfigurationIsVisible = 0;
		};
		E6E3B70A1BA5E728007E1016 /* Build configuration list for PBXNativeTarget "dldistTests" */ = {
			isa = XCConfigurationList;
			buildConfigurations = (
				E6E3B70B1BA5E728007E1016 /* Debug */,
				E6E3B70C1BA5E728007E1016 /* Release */,
			);
			defaultConfigurationIsVisible = 0;
		};
/* End XCConfigurationList section */
	};
	rootObject = E6E3B6EB1BA5E3A2007E1016 /* Project object */;
}
